
Microsoft Visual Studio Solution File, Format Version 12.00
# Visual Studio Version 17
VisualStudioVersion = 17.4.33205.214
MinimumVisualStudioVersion = 10.0.40219.1
Project("{9A19103F-16F7-4668-BE54-9A1E7A4F7556}") = "WaltzToolz", "WaltzToolz.csproj", "{C9896485-E728-4ADC-89F8-F29F8F503974}"
EndProject
Global
	GlobalSection(SolutionConfigurationPlatforms) = preSolution
		Debug|Any CPU = Debug|Any CPU
		Release|Any CPU = Release|Any CPU
	EndGlobalSection
	GlobalSection(ProjectConfigurationPlatforms) = postSolution
		{C9896485-E728-4ADC-89F8-F29F8F503974}.Debug|Any CPU.ActiveCfg = Release|Any CPU
		{C9896485-E728-4ADC-89F8-F29F8F503974}.Debug|Any CPU.Build.0 = Release|Any CPU
		{C9896485-E728-4ADC-89F8-F29F8F503974}.Release|Any CPU.ActiveCfg = Release|Any CPU
		{C9896485-E728-4ADC-89F8-F29F8F503974}.Release|Any CPU.Build.0 = Release|Any CPU
	EndGlobalSection
	GlobalSection(SolutionProperties) = preSolution
		HideSolutionNode = FALSE
	EndGlobalSection
	GlobalSection(ExtensibilityGlobals) = postSolution
		SolutionGuid = {83EB2849-C494-4A0B-9DDC-F2114F9975DE}
	EndGlobalSection
EndGlobal
